
Microsoft Visual Studio Solution File, Format Version 12.00
# Visual Studio Version 17
VisualStudioVersion = 17.2.32616.157
MinimumVisualStudioVersion = 10.0.40219.1
Project("{FAE04EC0-301F-11D3-BF4B-00C04F79EFBC}") = "CotacaoMoeda", "CotacaoMoeda\CotacaoMoeda.csproj", "{72552CA0-C329-472C-9658-6E6ADCFF6A40}"
EndProject
Global
	GlobalSection(SolutionConfigurationPlatforms) = preSolution
		Debug|Any CPU = Debug|Any CPU
		Release|Any CPU = Release|Any CPU
	EndGlobalSection
	GlobalSection(ProjectConfigurationPlatforms) = postSolution
		{72552CA0-C329-472C-9658-6E6ADCFF6A40}.Debug|Any CPU.ActiveCfg = Debug|Any CPU
		{72552CA0-C329-472C-9658-6E6ADCFF6A40}.Debug|Any CPU.Build.0 = Debug|Any CPU
		{72552CA0-C329-472C-9658-6E6ADCFF6A40}.Release|Any CPU.ActiveCfg = Release|Any CPU
		{72552CA0-C329-472C-9658-6E6ADCFF6A40}.Release|Any CPU.Build.0 = Release|Any CPU
	EndGlobalSection
	GlobalSection(SolutionProperties) = preSolution
		HideSolutionNode = FALSE
	EndGlobalSection
	GlobalSection(ExtensibilityGlobals) = postSolution
		SolutionGuid = {AC753DA0-A280-4FBC-8635-368B162F54E6}
	EndGlobalSection
EndGlobal
